
Microsoft Visual Studio Solution File, Format Version 12.00
# Visual Studio 15
VisualStudioVersion = 15.0.28307.168
MinimumVisualStudioVersion = 10.0.40219.1
Project("{FAE04EC0-301F-11D3-BF4B-00C04F79EFBC}") = "OfficeAppointmentSoftware.MVC.WebUI", "OfficeAppointmentSoftware.MVC.WebUI\OfficeAppointmentSoftware.MVC.WebUI.csproj", "{00F49CA2-8CFA-4A61-8C9B-8F882C5D0351}"
EndProject
Project("{FAE04EC0-301F-11D3-BF4B-00C04F79EFBC}") = "OfficeAppointmentSoftware.Entities", "OfficeAppointmentSoftware.Entities\OfficeAppointmentSoftware.Entities.csproj", "{5D7429EB-8359-4BF9-A8A8-6BF5698A22D2}"
EndProject
Project("{FAE04EC0-301F-11D3-BF4B-00C04F79EFBC}") = "OfficeAppointmentSoftware.DAL", "OfficeAppointmentSoftware.DAL\OfficeAppointmentSoftware.DAL.csproj", "{F592B438-DFE6-4DA4-B902-2E40D723A0C9}"
EndProject
Project("{FAE04EC0-301F-11D3-BF4B-00C04F79EFBC}") = "OfficeAppointmentSoftware.BLL", "OfficeAppointmentSoftware.BLL\OfficeAppointmentSoftware.BLL.csproj", "{AA988F01-7332-4A56-894B-01A2C6A5BDFE}"
EndProject
Global
	GlobalSection(SolutionConfigurationPlatforms) = preSolution
		Debug|Any CPU = Debug|Any CPU
		Release|Any CPU = Release|Any CPU
	EndGlobalSection
	GlobalSection(ProjectConfigurationPlatforms) = postSolution
		{00F49CA2-8CFA-4A61-8C9B-8F882C5D0351}.Debug|Any CPU.ActiveCfg = Debug|Any CPU
		{00F49CA2-8CFA-4A61-8C9B-8F882C5D0351}.Debug|Any CPU.Build.0 = Debug|Any CPU
		{00F49CA2-8CFA-4A61-8C9B-8F882C5D0351}.Release|Any CPU.ActiveCfg = Release|Any CPU
		{00F49CA2-8CFA-4A61-8C9B-8F882C5D0351}.Release|Any CPU.Build.0 = Release|Any CPU
		{5D7429EB-8359-4BF9-A8A8-6BF5698A22D2}.Debug|Any CPU.ActiveCfg = Debug|Any CPU
		{5D7429EB-8359-4BF9-A8A8-6BF5698A22D2}.Debug|Any CPU.Build.0 = Debug|Any CPU
		{5D7429EB-8359-4BF9-A8A8-6BF5698A22D2}.Release|Any CPU.ActiveCfg = Release|Any CPU
		{5D7429EB-8359-4BF9-A8A8-6BF5698A22D2}.Release|Any CPU.Build.0 = Release|Any CPU
		{F592B438-DFE6-4DA4-B902-2E40D723A0C9}.Debug|Any CPU.ActiveCfg = Debug|Any CPU
		{F592B438-DFE6-4DA4-B902-2E40D723A0C9}.Debug|Any CPU.Build.0 = Debug|Any CPU
		{F592B438-DFE6-4DA4-B902-2E40D723A0C9}.Release|Any CPU.ActiveCfg = Release|Any CPU
		{F592B438-DFE6-4DA4-B902-2E40D723A0C9}.Release|Any CPU.Build.0 = Release|Any CPU
		{AA988F01-7332-4A56-894B-01A2C6A5BDFE}.Debug|Any CPU.ActiveCfg = Debug|Any CPU
		{AA988F01-7332-4A56-894B-01A2C6A5BDFE}.Debug|Any CPU.Build.0 = Debug|Any CPU
		{AA988F01-7332-4A56-894B-01A2C6A5BDFE}.Release|Any CPU.ActiveCfg = Release|Any CPU
		{AA988F01-7332-4A56-894B-01A2C6A5BDFE}.Release|Any CPU.Build.0 = Release|Any CPU
	EndGlobalSection
	GlobalSection(SolutionProperties) = preSolution
		HideSolutionNode = FALSE
	EndGlobalSection
	GlobalSection(ExtensibilityGlobals) = postSolution
		SolutionGuid = {2C5657F8-3F82-4248-BA20-A706EA89DC3D}
	EndGlobalSection
	GlobalSection(TeamFoundationVersionControl) = preSolution
		SccNumberOfProjects = 5
		SccEnterpriseProvider = {4CA58AB2-18FA-4F8D-95D4-32DDF27D184C}
		SccTeamFoundationServer = https://dev.azure.com/OfficeAppointmentSoftwareOrg
		SccLocalPath0 = .
		SccProjectUniqueName1 = OfficeAppointmentSoftware.BLL\\OfficeAppointmentSoftware.BLL.csproj
		SccProjectName1 = OfficeAppointmentSoftware.BLL
		SccLocalPath1 = OfficeAppointmentSoftware.BLL
		SccProjectUniqueName2 = OfficeAppointmentSoftware.DAL\\OfficeAppointmentSoftware.DAL.csproj
		SccProjectName2 = OfficeAppointmentSoftware.DAL
		SccLocalPath2 = OfficeAppointmentSoftware.DAL
		SccProjectUniqueName3 = OfficeAppointmentSoftware.Entities\\OfficeAppointmentSoftware.Entities.csproj
		SccProjectName3 = OfficeAppointmentSoftware.Entities
		SccLocalPath3 = OfficeAppointmentSoftware.Entities
		SccProjectUniqueName4 = OfficeAppointmentSoftware.MVC.WebUI\\OfficeAppointmentSoftware.MVC.WebUI.csproj
		SccProjectName4 = OfficeAppointmentSoftware.MVC.WebUI
		SccLocalPath4 = OfficeAppointmentSoftware.MVC.WebUI
	EndGlobalSection
EndGlobal
